Microsoft Visual Studio Solution File, Format Version 12.00
# Visual Studio Version 17
VisualStudioVersion = 17.0.31903.59
MinimumVisualStudioVersion = 10.0.40219.1
Project("{2150E333-8FDC-42A3-9474-1A3956D46DE8}") = "src", "src", "{827E0CD3-B72D-47B6-A68D-7590B98EB39B}"
EndProject
Project("{2150E333-8FDC-42A3-9474-1A3956D46DE8}") = "tests", "tests", "{3CCB9432-06EB-4CF3-A923-A0F9E0D5B6C1}"
EndProject
Project("{FAE04EC0-301F-11D3-BF4B-00C04F79EFBC}") = "FrinkyEngine.Core", "src\FrinkyEngine.Core\FrinkyEngine.Core.csproj", "{695E2866-E943-4B42-B57A-EC2E7F3C2EFB}"
EndProject
Project("{FAE04EC0-301F-11D3-BF4B-00C04F79EFBC}") = "FrinkyEngine.Editor", "src\FrinkyEngine.Editor\FrinkyEngine.Editor.csproj", "{400D5FA6-35E9-47D5-8EEE-EFD8B3861454}"
EndProject
Project("{FAE04EC0-301F-11D3-BF4B-00C04F79EFBC}") = "FrinkyEngine.Runtime", "src\FrinkyEngine.Runtime\FrinkyEngine.Runtime.csproj", "{BA55E11E-4E33-46BD-991C-ED6C4FDC5514}"
EndProject
Project("{FAE04EC0-301F-11D3-BF4B-00C04F79EFBC}") = "FrinkyEngine.Core.Tests", "tests\FrinkyEngine.Core.Tests\FrinkyEngine.Core.Tests.csproj", "{A1C4B31B-1A0F-4E97-8A4D-4D0BBF3FE6C9}"
EndProject
Project("{FAE04EC0-301F-11D3-BF4B-00C04F79EFBC}") = "FrinkyEngine.Editor.Tests", "tests\FrinkyEngine.Editor.Tests\FrinkyEngine.Editor.Tests.csproj", "{D2E8F8CB-1A47-4A1B-9C1A-7E7A6F25D6B0}"
EndProject
Global
	GlobalSection(SolutionConfigurationPlatforms) = preSolution
		Debug|Any CPU = Debug|Any CPU
		Debug|x64 = Debug|x64
		Debug|x86 = Debug|x86
		Release|Any CPU = Release|Any CPU
		Release|x64 = Release|x64
		Release|x86 = Release|x86
	EndGlobalSection
	GlobalSection(ProjectConfigurationPlatforms) = postSolution
		{695E2866-E943-4B42-B57A-EC2E7F3C2EFB}.Debug|Any CPU.ActiveCfg = Debug|Any CPU
		{695E2866-E943-4B42-B57A-EC2E7F3C2EFB}.Debug|Any CPU.Build.0 = Debug|Any CPU
		{695E2866-E943-4B42-B57A-EC2E7F3C2EFB}.Debug|x64.ActiveCfg = Debug|Any CPU
		{695E2866-E943-4B42-B57A-EC2E7F3C2EFB}.Debug|x64.Build.0 = Debug|Any CPU
		{695E2866-E943-4B42-B57A-EC2E7F3C2EFB}.Debug|x86.ActiveCfg = Debug|Any CPU
		{695E2866-E943-4B42-B57A-EC2E7F3C2EFB}.Debug|x86.Build.0 = Debug|Any CPU
		{695E2866-E943-4B42-B57A-EC2E7F3C2EFB}.Release|Any CPU.ActiveCfg = Release|Any CPU
		{695E2866-E943-4B42-B57A-EC2E7F3C2EFB}.Release|Any CPU.Build.0 = Release|Any CPU
		{695E2866-E943-4B42-B57A-EC2E7F3C2EFB}.Release|x64.ActiveCfg = Release|Any CPU
		{695E2866-E943-4B42-B57A-EC2E7F3C2EFB}.Release|x64.Build.0 = Release|Any CPU
		{695E2866-E943-4B42-B57A-EC2E7F3C2EFB}.Release|x86.ActiveCfg = Release|Any CPU
		{695E2866-E943-4B42-B57A-EC2E7F3C2EFB}.Release|x86.Build.0 = Release|Any CPU
		{400D5FA6-35E9-47D5-8EEE-EFD8B3861454}.Debug|Any CPU.ActiveCfg = Debug|Any CPU
		{400D5FA6-35E9-47D5-8EEE-EFD8B3861454}.Debug|Any CPU.Build.0 = Debug|Any CPU
		{400D5FA6-35E9-47D5-8EEE-EFD8B3861454}.Debug|x64.ActiveCfg = Debug|Any CPU
		{400D5FA6-35E9-47D5-8EEE-EFD8B3861454}.Debug|x64.Build.0 = Debug|Any CPU
		{400D5FA6-35E9-47D5-8EEE-EFD8B3861454}.Debug|x86.ActiveCfg = Debug|Any CPU
		{400D5FA6-35E9-47D5-8EEE-EFD8B3861454}.Debug|x86.Build.0 = Debug|Any CPU
		{400D5FA6-35E9-47D5-8EEE-EFD8B3861454}.Release|Any CPU.ActiveCfg = Release|Any CPU
		{400D5FA6-35E9-47D5-8EEE-EFD8B3861454}.Release|Any CPU.Build.0 = Release|Any CPU
		{400D5FA6-35E9-47D5-8EEE-EFD8B3861454}.Release|x64.ActiveCfg = Release|Any CPU
		{400D5FA6-35E9-47D5-8EEE-EFD8B3861454}.Release|x64.Build.0 = Release|Any CPU
		{400D5FA6-35E9-47D5-8EEE-EFD8B3861454}.Release|x86.ActiveCfg = Release|Any CPU
		{400D5FA6-35E9-47D5-8EEE-EFD8B3861454}.Release|x86.Build.0 = Release|Any CPU
		{BA55E11E-4E33-46BD-991C-ED6C4FDC5514}.Debug|Any CPU.ActiveCfg = Debug|Any CPU
		{BA55E11E-4E33-46BD-991C-ED6C4FDC5514}.Debug|Any CPU.Build.0 = Debug|Any CPU
		{BA55E11E-4E33-46BD-991C-ED6C4FDC5514}.Debug|x64.ActiveCfg = Debug|Any CPU
		{BA55E11E-4E33-46BD-991C-ED6C4FDC5514}.Debug|x64.Build.0 = Debug|Any CPU
		{BA55E11E-4E33-46BD-991C-ED6C4FDC5514}.Debug|x86.ActiveCfg = Debug|Any CPU
		{BA55E11E-4E33-46BD-991C-ED6C4FDC5514}.Debug|x86.Build.0 = Debug|Any CPU
		{BA55E11E-4E33-46BD-991C-ED6C4FDC5514}.Release|Any CPU.ActiveCfg = Release|Any CPU
		{BA55E11E-4E33-46BD-991C-ED6C4FDC5514}.Release|Any CPU.Build.0 = Release|Any CPU
		{BA55E11E-4E33-46BD-991C-ED6C4FDC5514}.Release|x64.ActiveCfg = Release|Any CPU
		{BA55E11E-4E33-46BD-991C-ED6C4FDC5514}.Release|x64.Build.0 = Release|Any CPU
		{BA55E11E-4E33-46BD-991C-ED6C4FDC5514}.Release|x86.ActiveCfg = Release|Any CPU
		{BA55E11E-4E33-46BD-991C-ED6C4FDC5514}.Release|x86.Build.0 = Release|Any CPU
		{A1C4B31B-1A0F-4E97-8A4D-4D0BBF3FE6C9}.Debug|Any CPU.ActiveCfg = Debug|Any CPU
		{A1C4B31B-1A0F-4E97-8A4D-4D0BBF3FE6C9}.Debug|Any CPU.Build.0 = Debug|Any CPU
		{A1C4B31B-1A0F-4E97-8A4D-4D0BBF3FE6C9}.Debug|x64.ActiveCfg = Debug|Any CPU
		{A1C4B31B-1A0F-4E97-8A4D-4D0BBF3FE6C9}.Debug|x64.Build.0 = Debug|Any CPU
		{A1C4B31B-1A0F-4E97-8A4D-4D0BBF3FE6C9}.Debug|x86.ActiveCfg = Debug|Any CPU
		{A1C4B31B-1A0F-4E97-8A4D-4D0BBF3FE6C9}.Debug|x86.Build.0 = Debug|Any CPU
		{A1C4B31B-1A0F-4E97-8A4D-4D0BBF3FE6C9}.Release|Any CPU.ActiveCfg = Release|Any CPU
		{A1C4B31B-1A0F-4E97-8A4D-4D0BBF3FE6C9}.Release|Any CPU.Build.0 = Release|Any CPU
		{A1C4B31B-1A0F-4E97-8A4D-4D0BBF3FE6C9}.Release|x64.ActiveCfg = Release|Any CPU
		{A1C4B31B-1A0F-4E97-8A4D-4D0BBF3FE6C9}.Release|x64.Build.0 = Release|Any CPU
		{A1C4B31B-1A0F-4E97-8A4D-4D0BBF3FE6C9}.Release|x86.ActiveCfg = Release|Any CPU
		{A1C4B31B-1A0F-4E97-8A4D-4D0BBF3FE6C9}.Release|x86.Build.0 = Release|Any CPU
		{D2E8F8CB-1A47-4A1B-9C1A-7E7A6F25D6B0}.Debug|Any CPU.ActiveCfg = Debug|Any CPU
		{D2E8F8CB-1A47-4A1B-9C1A-7E7A6F25D6B0}.Debug|Any CPU.Build.0 = Debug|Any CPU
		{D2E8F8CB-1A47-4A1B-9C1A-7E7A6F25D6B0}.Debug|x64.ActiveCfg = Debug|Any CPU
		{D2E8F8CB-1A47-4A1B-9C1A-7E7A6F25D6B0}.Debug|x64.Build.0 = Debug|Any CPU
		{D2E8F8CB-1A47-4A1B-9C1A-7E7A6F25D6B0}.Debug|x86.ActiveCfg = Debug|Any CPU
		{D2E8F8CB-1A47-4A1B-9C1A-7E7A6F25D6B0}.Debug|x86.Build.0 = Debug|Any CPU
		{D2E8F8CB-1A47-4A1B-9C1A-7E7A6F25D6B0}.Release|Any CPU.ActiveCfg = Release|Any CPU
		{D2E8F8CB-1A47-4A1B-9C1A-7E7A6F25D6B0}.Release|Any CPU.Build.0 = Release|Any CPU
		{D2E8F8CB-1A47-4A1B-9C1A-7E7A6F25D6B0}.Release|x64.ActiveCfg = Release|Any CPU
		{D2E8F8CB-1A47-4A1B-9C1A-7E7A6F25D6B0}.Release|x64.Build.0 = Release|Any CPU
		{D2E8F8CB-1A47-4A1B-9C1A-7E7A6F25D6B0}.Release|x86.ActiveCfg = Release|Any CPU
		{D2E8F8CB-1A47-4A1B-9C1A-7E7A6F25D6B0}.Release|x86.Build.0 = Release|Any CPU
	EndGlobalSection
	GlobalSection(SolutionProperties) = preSolution
		HideSolutionNode = FALSE
	EndGlobalSection
	GlobalSection(NestedProjects) = preSolution
		{695E2866-E943-4B42-B57A-EC2E7F3C2EFB} = {827E0CD3-B72D-47B6-A68D-7590B98EB39B}
		{400D5FA6-35E9-47D5-8EEE-EFD8B3861454} = {827E0CD3-B72D-47B6-A68D-7590B98EB39B}
		{BA55E11E-4E33-46BD-991C-ED6C4FDC5514} = {827E0CD3-B72D-47B6-A68D-7590B98EB39B}
		{A1C4B31B-1A0F-4E97-8A4D-4D0BBF3FE6C9} = {3CCB9432-06EB-4CF3-A923-A0F9E0D5B6C1}
		{D2E8F8CB-1A47-4A1B-9C1A-7E7A6F25D6B0} = {3CCB9432-06EB-4CF3-A923-A0F9E0D5B6C1}
	EndGlobalSection
EndGlobal
